
Microsoft Visual Studio Solution File, Format Version 12.00
# Visual Studio Version 17
VisualStudioVersion = 17.8.34525.116
MinimumVisualStudioVersion = 10.0.40219.1
Project("{FAE04EC0-301F-11D3-BF4B-00C04F79EFBC}") = "ConsoleDs", "ConsoleDs\ConsoleDs.csproj", "{334F3637-7037-454E-B97B-04133913B252}"
EndProject
Global
	GlobalSection(SolutionConfigurationPlatforms) = preSolution
		Debug|Any CPU = Debug|Any CPU
		Release|Any CPU = Release|Any CPU
	EndGlobalSection
	GlobalSection(ProjectConfigurationPlatforms) = postSolution
		{334F3637-7037-454E-B97B-04133913B252}.Debug|Any CPU.ActiveCfg = Debug|Any CPU
		{334F3637-7037-454E-B97B-04133913B252}.Debug|Any CPU.Build.0 = Debug|Any CPU
		{334F3637-7037-454E-B97B-04133913B252}.Release|Any CPU.ActiveCfg = Release|Any CPU
		{334F3637-7037-454E-B97B-04133913B252}.Release|Any CPU.Build.0 = Release|Any CPU
	EndGlobalSection
	GlobalSection(SolutionProperties) = preSolution
		HideSolutionNode = FALSE
	EndGlobalSection
	GlobalSection(ExtensibilityGlobals) = postSolution
		SolutionGuid = {284C0771-D433-41B0-95E3-BC81698B14B8}
	EndGlobalSection
EndGlobal
